
Microsoft Visual Studio Solution File, Format Version 12.00
# Visual Studio 15
VisualStudioVersion = 15.0.28307.757
MinimumVisualStudioVersion = 10.0.40219.1
Project("{9A19103F-16F7-4668-BE54-9A1E7A4F7556}") = "pipelines-dotnet-core", "pipelines-dotnet-core.csproj", "{EE9B739B-13D8-4038-8146-85703FC99AD8}"
EndProject
Project("{2150E333-8FDC-42A3-9474-1A3956D46DE8}") = "UnitTests", "UnitTests", "{11BBC94F-263F-4B31-814E-A087D5B3D04D}"
EndProject
Project("{FAE04EC0-301F-11D3-BF4B-00C04F79EFBC}") = "XUnitTesPipelines", "..\XUnitTesPipelines\XUnitTesPipelines.csproj", "{7E154D78-BA34-442D-940A-86C289FE26FB}"
EndProject
Project("{FAE04EC0-301F-11D3-BF4B-00C04F79EFBC}") = "PipelineUnittest", "..\PipelineUnittest\PipelineUnittest.csproj", "{0B817A69-B5E8-45A2-802B-56FEB43EF5C0}"
EndProject
Global
	GlobalSection(SolutionConfigurationPlatforms) = preSolution
		Debug|Any CPU = Debug|Any CPU
		Release|Any CPU = Release|Any CPU
	EndGlobalSection
	GlobalSection(ProjectConfigurationPlatforms) = postSolution
		{EE9B739B-13D8-4038-8146-85703FC99AD8}.Debug|Any CPU.ActiveCfg = Debug|Any CPU
		{EE9B739B-13D8-4038-8146-85703FC99AD8}.Debug|Any CPU.Build.0 = Debug|Any CPU
		{EE9B739B-13D8-4038-8146-85703FC99AD8}.Release|Any CPU.ActiveCfg = Release|Any CPU
		{EE9B739B-13D8-4038-8146-85703FC99AD8}.Release|Any CPU.Build.0 = Release|Any CPU
		{7E154D78-BA34-442D-940A-86C289FE26FB}.Debug|Any CPU.ActiveCfg = Debug|Any CPU
		{7E154D78-BA34-442D-940A-86C289FE26FB}.Debug|Any CPU.Build.0 = Debug|Any CPU
		{7E154D78-BA34-442D-940A-86C289FE26FB}.Release|Any CPU.ActiveCfg = Release|Any CPU
		{7E154D78-BA34-442D-940A-86C289FE26FB}.Release|Any CPU.Build.0 = Release|Any CPU
		{0B817A69-B5E8-45A2-802B-56FEB43EF5C0}.Debug|Any CPU.ActiveCfg = Debug|Any CPU
		{0B817A69-B5E8-45A2-802B-56FEB43EF5C0}.Debug|Any CPU.Build.0 = Debug|Any CPU
		{0B817A69-B5E8-45A2-802B-56FEB43EF5C0}.Release|Any CPU.ActiveCfg = Release|Any CPU
		{0B817A69-B5E8-45A2-802B-56FEB43EF5C0}.Release|Any CPU.Build.0 = Release|Any CPU
	EndGlobalSection
	GlobalSection(SolutionProperties) = preSolution
		HideSolutionNode = FALSE
	EndGlobalSection
	GlobalSection(NestedProjects) = preSolution
		{7E154D78-BA34-442D-940A-86C289FE26FB} = {11BBC94F-263F-4B31-814E-A087D5B3D04D}
		{0B817A69-B5E8-45A2-802B-56FEB43EF5C0} = {11BBC94F-263F-4B31-814E-A087D5B3D04D}
	EndGlobalSection
	GlobalSection(ExtensibilityGlobals) = postSolution
		SolutionGuid = {7E52BE31-3F06-4496-BA49-C428F03A1859}
	EndGlobalSection
EndGlobal
