
Microsoft Visual Studio Solution File, Format Version 12.00
# Visual Studio 15
VisualStudioVersion = 15.0.28307.757
MinimumVisualStudioVersion = 10.0.40219.1
Project("{9A19103F-16F7-4668-BE54-9A1E7A4F7556}") = "pipelines-dotnet-core", "pipelines-dotnet-core.csproj", "{EE9B739B-13D8-4038-8146-85703FC99AD8}"
EndProject
Global
	GlobalSection(SolutionConfigurationPlatforms) = preSolution
		Debug|Any CPU = Debug|Any CPU
		Release|Any CPU = Release|Any CPU
	EndGlobalSection
	GlobalSection(ProjectConfigurationPlatforms) = postSolution
		{EE9B739B-13D8-4038-8146-85703FC99AD8}.Debug|Any CPU.ActiveCfg = Debug|Any CPU
		{EE9B739B-13D8-4038-8146-85703FC99AD8}.Debug|Any CPU.Build.0 = Debug|Any CPU
		{EE9B739B-13D8-4038-8146-85703FC99AD8}.Release|Any CPU.ActiveCfg = Release|Any CPU
		{EE9B739B-13D8-4038-8146-85703FC99AD8}.Release|Any CPU.Build.0 = Release|Any CPU
	EndGlobalSection
	GlobalSection(SolutionProperties) = preSolution
		HideSolutionNode = FALSE
	EndGlobalSection
	GlobalSection(ExtensibilityGlobals) = postSolution
		SolutionGuid = {7E52BE31-3F06-4496-BA49-C428F03A1859}
	EndGlobalSection
EndGlobal
